{
  "version": 4,
  "terraform_version": "1.10.5",
  "serial": 15,
  "lineage": "d541e28c-1e71-3905-5b21-655a54269619",
  "outputs": {},
  "resources": [
    {
      "mode": "managed",
      "type": "github_branch",
      "name": "branch_development",
      "provider": "provider[\"registry.terraform.io/hashicorp/github\"]",
      "instances": [
        {
          "schema_version": 0,
          "attributes": {
            "branch": "development",
            "etag": "W/\"74fd82d4d0af542064a717d8e3404acbd80ee331f6f22fae80552aeb3c42032f\"",
            "id": "RepoTics:development",
            "ref": "refs/heads/development",
            "repository": "RepoTics",
            "sha": "d6e1e9baa9ca8a7d75c5536b74a7940a2348e507",
            "source_branch": "main",
            "source_sha": "d6e1e9baa9ca8a7d75c5536b74a7940a2348e507"
          },
          "sensitive_attributes": [],
          "private": "bnVsbA==",
          "dependencies": [
            "github_repository.repository_auto_init"
          ]
        }
      ]
    },
    {
      "mode": "managed",
      "type": "github_branch",
      "name": "branch_production",
      "provider": "provider[\"registry.terraform.io/hashicorp/github\"]",
      "instances": [
        {
          "schema_version": 0,
          "attributes": {
            "branch": "production",
            "etag": "W/\"39c3ef748307c4bf8e8f31b4ba1d009d7aa06cab6ba19567ee61fdcad9668d28\"",
            "id": "RepoTics:production",
            "ref": "refs/heads/production",
            "repository": "RepoTics",
            "sha": "d6e1e9baa9ca8a7d75c5536b74a7940a2348e507",
            "source_branch": "main",
            "source_sha": "d6e1e9baa9ca8a7d75c5536b74a7940a2348e507"
          },
          "sensitive_attributes": [],
          "private": "bnVsbA==",
          "dependencies": [
            "github_repository.repository_auto_init"
          ]
        }
      ]
    },
    {
      "mode": "managed",
      "type": "github_branch",
      "name": "branch_qa",
      "provider": "provider[\"registry.terraform.io/hashicorp/github\"]",
      "instances": [
        {
          "schema_version": 0,
          "attributes": {
            "branch": "qa",
            "etag": "W/\"4c7e93e7daf9e914f3132a4a96c2c6856c348728c42eb6a02738205d17284b41\"",
            "id": "RepoTics:qa",
            "ref": "refs/heads/qa",
            "repository": "RepoTics",
            "sha": "d6e1e9baa9ca8a7d75c5536b74a7940a2348e507",
            "source_branch": "main",
            "source_sha": "d6e1e9baa9ca8a7d75c5536b74a7940a2348e507"
          },
          "sensitive_attributes": [],
          "private": "bnVsbA==",
          "dependencies": [
            "github_repository.repository_auto_init"
          ]
        }
      ]
    },
    {
      "mode": "managed",
      "type": "github_repository",
      "name": "repository_auto_init",
      "provider": "provider[\"registry.terraform.io/hashicorp/github\"]",
      "instances": [
        {
          "schema_version": 1,
          "attributes": {
            "allow_auto_merge": false,
            "allow_merge_commit": true,
            "allow_rebase_merge": true,
            "allow_squash_merge": true,
            "allow_update_branch": false,
            "archive_on_destroy": null,
            "archived": false,
            "auto_init": true,
            "default_branch": "main",
            "delete_branch_on_merge": false,
            "description": "Repositorio ArquiTics2024",
            "etag": "W/\"7d54d9f655648602877cdb91d5a596f5bbcadcc6781f0e7debc4c85177344324\"",
            "full_name": "MoNKy0112/RepoTics",
            "git_clone_url": "git://github.com/MoNKy0112/RepoTics.git",
            "gitignore_template": null,
            "has_discussions": false,
            "has_downloads": false,
            "has_issues": false,
            "has_projects": false,
            "has_wiki": false,
            "homepage_url": "",
            "html_url": "https://github.com/MoNKy0112/RepoTics",
            "http_clone_url": "https://github.com/MoNKy0112/RepoTics.git",
            "id": "RepoTics",
            "ignore_vulnerability_alerts_during_read": null,
            "is_template": false,
            "license_template": null,
            "merge_commit_message": "PR_TITLE",
            "merge_commit_title": "MERGE_MESSAGE",
            "name": "RepoTics",
            "node_id": "R_kgDON7Ug4g",
            "pages": [],
            "primary_language": "JavaScript",
            "private": false,
            "repo_id": 934617314,
            "security_and_analysis": [
              {
                "advanced_security": [],
                "secret_scanning": [
                  {
                    "status": "enabled"
                  }
                ],
                "secret_scanning_push_protection": [
                  {
                    "status": "enabled"
                  }
                ]
              }
            ],
            "squash_merge_commit_message": "COMMIT_MESSAGES",
            "squash_merge_commit_title": "COMMIT_OR_PR_TITLE",
            "ssh_clone_url": "git@github.com:MoNKy0112/RepoTics.git",
            "svn_url": "https://github.com/MoNKy0112/RepoTics",
            "template": [
              {
                "include_all_branches": false,
                "owner": "github",
                "repository": "codespaces-react"
              }
            ],
            "topics": [],
            "visibility": "public",
            "vulnerability_alerts": false,
            "web_commit_signoff_required": false
          },
          "sensitive_attributes": [],
          "private": "eyJzY2hlbWFfdmVyc2lvbiI6IjEifQ=="
        }
      ]
    }
  ],
  "check_results": null
}
