{
  "version": 4,
  "terraform_version": "1.10.5",
  "serial": 20,
  "lineage": "d541e28c-1e71-3905-5b21-655a54269619",
  "outputs": {},
  "resources": [
    {
      "mode": "managed",
      "type": "github_branch",
      "name": "branch_development",
      "provider": "provider[\"registry.terraform.io/hashicorp/github\"]",
      "instances": [
        {
          "schema_version": 0,
          "attributes": {
            "branch": "development",
            "etag": "W/\"4fcd1e2efba097a4731cd90ac614c85319c38074d6995152c846672c12e20ce9\"",
            "id": "RepoTics:development",
            "ref": "refs/heads/development",
            "repository": "RepoTics",
            "sha": "9cdcc28e5539070515528d215d1d7ef145875ba0",
            "source_branch": "main",
            "source_sha": "9cdcc28e5539070515528d215d1d7ef145875ba0"
          },
          "sensitive_attributes": [],
          "private": "bnVsbA==",
          "dependencies": [
            "github_repository.repository_auto_init"
          ]
        }
      ]
    },
    {
      "mode": "managed",
      "type": "github_branch",
      "name": "branch_production",
      "provider": "provider[\"registry.terraform.io/hashicorp/github\"]",
      "instances": [
        {
          "schema_version": 0,
          "attributes": {
            "branch": "production",
            "etag": "W/\"9ff5a7633c94e228c46b2cddeb83a1c10dff81b56c3f7dd5c1f14da1a581265b\"",
            "id": "RepoTics:production",
            "ref": "refs/heads/production",
            "repository": "RepoTics",
            "sha": "9cdcc28e5539070515528d215d1d7ef145875ba0",
            "source_branch": "main",
            "source_sha": "9cdcc28e5539070515528d215d1d7ef145875ba0"
          },
          "sensitive_attributes": [],
          "private": "bnVsbA==",
          "dependencies": [
            "github_repository.repository_auto_init"
          ]
        }
      ]
    },
    {
      "mode": "managed",
      "type": "github_branch",
      "name": "branch_qa",
      "provider": "provider[\"registry.terraform.io/hashicorp/github\"]",
      "instances": [
        {
          "schema_version": 0,
          "attributes": {
            "branch": "qa",
            "etag": "W/\"acbd935d252fe9d0e80de9f9991f1c72714de872cf8891e633bef7f26dd4c9c5\"",
            "id": "RepoTics:qa",
            "ref": "refs/heads/qa",
            "repository": "RepoTics",
            "sha": "9cdcc28e5539070515528d215d1d7ef145875ba0",
            "source_branch": "main",
            "source_sha": "9cdcc28e5539070515528d215d1d7ef145875ba0"
          },
          "sensitive_attributes": [],
          "private": "bnVsbA==",
          "dependencies": [
            "github_repository.repository_auto_init"
          ]
        }
      ]
    },
    {
      "mode": "managed",
      "type": "github_repository",
      "name": "repository_auto_init",
      "provider": "provider[\"registry.terraform.io/hashicorp/github\"]",
      "instances": [
        {
          "schema_version": 1,
          "attributes": {
            "allow_auto_merge": false,
            "allow_merge_commit": true,
            "allow_rebase_merge": true,
            "allow_squash_merge": true,
            "allow_update_branch": false,
            "archive_on_destroy": null,
            "archived": false,
            "auto_init": true,
            "default_branch": "main",
            "delete_branch_on_merge": false,
            "description": "Repositorio ArquiTics2024",
            "etag": "W/\"b91ac4e5ab49186f6c32e99d8f9e610d7fcb8feab31599bf3a51017640b93fb0\"",
            "full_name": "MoNKy0112/RepoTics",
            "git_clone_url": "git://github.com/MoNKy0112/RepoTics.git",
            "gitignore_template": null,
            "has_discussions": false,
            "has_downloads": false,
            "has_issues": false,
            "has_projects": false,
            "has_wiki": false,
            "homepage_url": "",
            "html_url": "https://github.com/MoNKy0112/RepoTics",
            "http_clone_url": "https://github.com/MoNKy0112/RepoTics.git",
            "id": "RepoTics",
            "ignore_vulnerability_alerts_during_read": null,
            "is_template": false,
            "license_template": null,
            "merge_commit_message": "PR_TITLE",
            "merge_commit_title": "MERGE_MESSAGE",
            "name": "RepoTics",
            "node_id": "R_kgDON7UmaQ",
            "pages": [],
            "primary_language": "",
            "private": false,
            "repo_id": 934618729,
            "security_and_analysis": [
              {
                "advanced_security": [],
                "secret_scanning": [
                  {
                    "status": "enabled"
                  }
                ],
                "secret_scanning_push_protection": [
                  {
                    "status": "enabled"
                  }
                ]
              }
            ],
            "squash_merge_commit_message": "COMMIT_MESSAGES",
            "squash_merge_commit_title": "COMMIT_OR_PR_TITLE",
            "ssh_clone_url": "git@github.com:MoNKy0112/RepoTics.git",
            "svn_url": "https://github.com/MoNKy0112/RepoTics",
            "template": [
              {
                "include_all_branches": false,
                "owner": "github",
                "repository": "codespaces-react"
              }
            ],
            "topics": [],
            "visibility": "public",
            "vulnerability_alerts": false,
            "web_commit_signoff_required": false
          },
          "sensitive_attributes": [],
          "private": "eyJzY2hlbWFfdmVyc2lvbiI6IjEifQ=="
        }
      ]
    }
  ],
  "check_results": null
}
